
Microsoft Visual Studio Solution File, Format Version 12.00
# Visual Studio Version 17
VisualStudioVersion = 17.11.35327.3
MinimumVisualStudioVersion = 10.0.40219.1
Project("{FAE04EC0-301F-11D3-BF4B-00C04F79EFBC}") = "ASP_LAB_1", "ASP_LAB_1\ASP_LAB_1.csproj", "{CAB3ABDD-83FB-4677-B26D-A358A9B8060D}"
EndProject
Global
	GlobalSection(SolutionConfigurationPlatforms) = preSolution
		Debug|Any CPU = Debug|Any CPU
		Release|Any CPU = Release|Any CPU
	EndGlobalSection
	GlobalSection(ProjectConfigurationPlatforms) = postSolution
		{CAB3ABDD-83FB-4677-B26D-A358A9B8060D}.Debug|Any CPU.ActiveCfg = Debug|Any CPU
		{CAB3ABDD-83FB-4677-B26D-A358A9B8060D}.Debug|Any CPU.Build.0 = Debug|Any CPU
		{CAB3ABDD-83FB-4677-B26D-A358A9B8060D}.Release|Any CPU.ActiveCfg = Release|Any CPU
		{CAB3ABDD-83FB-4677-B26D-A358A9B8060D}.Release|Any CPU.Build.0 = Release|Any CPU
	EndGlobalSection
	GlobalSection(SolutionProperties) = preSolution
		HideSolutionNode = FALSE
	EndGlobalSection
	GlobalSection(ExtensibilityGlobals) = postSolution
		SolutionGuid = {2AA97545-3D9B-4F44-AB02-E5E7F4F30932}
	EndGlobalSection
EndGlobal
